{
    "_readme": [
        "This file locks the dependencies of your project to a known state",
        "Read more about it at http://getcomposer.org/doc/01-basic-usage.md#composer-lock-the-lock-file",
        "This file is @generated automatically"
    ],
    "hash": "82128f9c715cdd52488b49667a71518b",
    "packages": [
        {
            "name": "bocharsky-bw/vkontakte-php-sdk",
            "version": "dev-master",
            "source": {
                "type": "git",
                "url": "https://github.com/bocharsky-bw/vkontakte-php-sdk.git",
                "reference": "633f3122aafc5f09be35ba789986c8af4af26052"
            },
            "dist": {
                "type": "zip",
                "url": "https://api.github.com/repos/bocharsky-bw/vkontakte-php-sdk/zipball/633f3122aafc5f09be35ba789986c8af4af26052",
                "reference": "633f3122aafc5f09be35ba789986c8af4af26052",
                "shasum": ""
            },
            "require": {
                "ext-curl": "*",
                "ext-json": "*",
                "php": ">=5.3.0"
            },
            "type": "library",
            "autoload": {
                "classmap": [
                    "src/"
                ]
            },
            "notification-url": "https://packagist.org/downloads/",
            "license": [
                "MIT"
            ],
            "authors": [
                {
                    "name": "Bocharsky Victor",
                    "homepage": "https://github.com/bocharsky-bw/vkontakte-php-sdk/contributors"
                }
            ],
            "description": "Vkontakte PHP SDK",
            "homepage": "https://github.com/bocharsky-bw/vkontakte-php-sdk",
            "keywords": [
                "sdk",
                "vkontakte"
            ],
            "time": "2014-04-18 10:51:18"
        },
        {
            "name": "facebook/php-sdk",
            "version": "v3.2.3",
            "source": {
                "type": "git",
                "url": "https://github.com/facebook/facebook-php-sdk.git",
                "reference": "6714042fa2f5979d4c64c7d11fb4bcab16bdf6cb"
            },
            "dist": {
                "type": "zip",
                "url": "https://api.github.com/repos/facebook/facebook-php-sdk/zipball/6714042fa2f5979d4c64c7d11fb4bcab16bdf6cb",
                "reference": "6714042fa2f5979d4c64c7d11fb4bcab16bdf6cb",
                "shasum": ""
            },
            "require": {
                "ext-curl": "*",
                "ext-json": "*",
                "php": ">=5.2.0"
            },
            "require-dev": {
                "phpunit/phpunit": "3.7.*"
            },
            "type": "library",
            "autoload": {
                "classmap": [
                    "src"
                ]
            },
            "notification-url": "https://packagist.org/downloads/",
            "license": [
                "Apache2"
            ],
            "authors": [
                {
                    "name": "Facebook",
                    "homepage": "https://github.com/facebook/facebook-php-sdk/contributors"
                }
            ],
            "description": "Facebook PHP SDK",
            "homepage": "https://github.com/facebook/facebook-php-sdk",
            "keywords": [
                "facebook",
                "sdk"
            ],
            "time": "2013-11-19 23:11:14"
        },
        {
            "name": "j7mbo/twitter-api-php",
            "version": "dev-master",
            "source": {
                "type": "git",
                "url": "https://github.com/J7mbo/twitter-api-php.git",
                "reference": "ab76f1c1e6bf83f0a257216cbaf9932b7cc19a3f"
            },
            "dist": {
                "type": "zip",
                "url": "https://api.github.com/repos/J7mbo/twitter-api-php/zipball/ab76f1c1e6bf83f0a257216cbaf9932b7cc19a3f",
                "reference": "ab76f1c1e6bf83f0a257216cbaf9932b7cc19a3f",
                "shasum": ""
            },
            "type": "library",
            "autoload": {
                "files": [
                    "TwitterAPIExchange.php"
                ]
            },
            "notification-url": "https://packagist.org/downloads/",
            "license": [
                "GNU Public License"
            ],
            "authors": [
                {
                    "name": "James Mallison",
                    "homepage": "https://github.com/j7mbo/twitter-api-php"
                }
            ],
            "description": "Simple PHP Wrapper for Twitter API v1.1 calls",
            "homepage": "https://github.com/j7mbo/twitter-api-php",
            "keywords": [
                "api",
                "php",
                "twitter"
            ],
            "time": "2013-10-03 10:04:59"
        },
        {
            "name": "os/php-excel",
            "version": "dev-master",
            "target-dir": "PHPExcel",
            "source": {
                "type": "git",
                "url": "https://github.com/ouardisoft/PHPExcel.git",
                "reference": "e2622380d55c6da6854fa56f4b5895af7267b2dc"
            },
            "dist": {
                "type": "zip",
                "url": "https://api.github.com/repos/ouardisoft/PHPExcel/zipball/e2622380d55c6da6854fa56f4b5895af7267b2dc",
                "reference": "e2622380d55c6da6854fa56f4b5895af7267b2dc",
                "shasum": ""
            },
            "require": {
                "php": ">=5.2.6"
            },
            "type": "library",
            "autoload": {
                "psr-0": {
                    "PHPExcel": "PHPExcel"
                }
            },
            "notification-url": "https://packagist.org/downloads/",
            "license": [
                "MIT"
            ],
            "authors": [
                {
                    "name": "LOUARDI Abdeltif",
                    "email": "louardi.abdeltif@yahoo.fr",
                    "homepage": "http://phphub.net"
                }
            ],
            "description": "PHP Excel Library",
            "homepage": "http://github.com/ouardisoft/PHPExcel",
            "keywords": [
                "excel"
            ],
            "time": "2013-05-21 13:29:41"
        }
    ],
    "packages-dev": [

    ],
    "aliases": [

    ],
    "minimum-stability": "stable",
    "stability-flags": {
        "j7mbo/twitter-api-php": 20,
        "bocharsky-bw/vkontakte-php-sdk": 20,
        "os/php-excel": 20
    },
    "prefer-stable": false,
    "platform": [

    ],
    "platform-dev": [

    ]
}
